{
    "_meta": {
        "hash": {
            "sha256": "5a9692e6b8b08addc231f0f012ca63adb8ccc59cf6a98528d40a99e27fcc8adf"
        },
        "pipfile-spec": 6,
        "requires": {
            "python_version": "3.8"
        },
        "sources": [
            {
                "name": "pypi",
                "url": "https://pypi.org/simple",
                "verify_ssl": true
            }
        ]
    },
    "default": {},
    "develop": {}
}
